
Microsoft Visual Studio Solution File, Format Version 12.00
# Visual Studio Version 17
VisualStudioVersion = 17.3.32825.248
MinimumVisualStudioVersion = 10.0.40219.1
Project("{FAE04EC0-301F-11D3-BF4B-00C04F79EFBC}") = "CalcPersonalloans", "CalcPersonalloans\CalcPersonalloans.csproj", "{D6BC58F5-50B5-4873-9233-FB7E14B0D6F7}"
EndProject
Project("{FAE04EC0-301F-11D3-BF4B-00C04F79EFBC}") = "Application", "Application\Application.csproj", "{44BEC430-D47A-491D-A91D-DB54EE45F502}"
EndProject
Global
	GlobalSection(SolutionConfigurationPlatforms) = preSolution
		Debug|Any CPU = Debug|Any CPU
		Release|Any CPU = Release|Any CPU
	EndGlobalSection
	GlobalSection(ProjectConfigurationPlatforms) = postSolution
		{D6BC58F5-50B5-4873-9233-FB7E14B0D6F7}.Debug|Any CPU.ActiveCfg = Debug|Any CPU
		{D6BC58F5-50B5-4873-9233-FB7E14B0D6F7}.Debug|Any CPU.Build.0 = Debug|Any CPU
		{D6BC58F5-50B5-4873-9233-FB7E14B0D6F7}.Release|Any CPU.ActiveCfg = Release|Any CPU
		{D6BC58F5-50B5-4873-9233-FB7E14B0D6F7}.Release|Any CPU.Build.0 = Release|Any CPU
		{44BEC430-D47A-491D-A91D-DB54EE45F502}.Debug|Any CPU.ActiveCfg = Debug|Any CPU
		{44BEC430-D47A-491D-A91D-DB54EE45F502}.Debug|Any CPU.Build.0 = Debug|Any CPU
		{44BEC430-D47A-491D-A91D-DB54EE45F502}.Release|Any CPU.ActiveCfg = Release|Any CPU
		{44BEC430-D47A-491D-A91D-DB54EE45F502}.Release|Any CPU.Build.0 = Release|Any CPU
	EndGlobalSection
	GlobalSection(SolutionProperties) = preSolution
		HideSolutionNode = FALSE
	EndGlobalSection
	GlobalSection(ExtensibilityGlobals) = postSolution
		SolutionGuid = {0C76CC94-4BC5-4CA2-8E90-AEED20761B2A}
	EndGlobalSection
EndGlobal
